{
  "name": "assets",
  "lockfileVersion": 3,
  "requires": true,
  "packages": {
    "": {
      "dependencies": {
        "daisyui": "^5.0.0"
      }
    },
    "node_modules/daisyui": {
      "version": "5.5.19",
      "resolved": "https://registry.npmjs.org/daisyui/-/daisyui-5.5.19.tgz",
      "integrity": "sha512-pbFAkl1VCEh/MPCeclKL61I/MqRIFFhNU7yiXoDDRapXN4/qNCoMxeCCswyxEEhqL5eiTTfwHvucFtOE71C9sA==",
      "license": "MIT",
      "funding": {
        "url": "https://github.com/saadeghi/daisyui?sponsor=1"
      }
    }
  }
}
